id: cs330project22_fec_decoder
label: FEC decoder
category: '[cs330project22]'

templates:
  imports: from gnuradio import cs330project22
  make: cs330project22.fec_decoder(${type.val})

#  Make one 'parameters' list entry for every parameter you want settable from the GUI.
#     Keys include:
#     * id (makes the value accessible as keyname, e.g. in the make entry)
#     * label (label shown in the GUI)
#     * dtype (e.g. int, float, complex, byte, short, xxx_vector, ...)
#     * default
parameters:
- id: type
  label: FEC type
  dtype: enum
  options: [No FEC, Hamming, Golay]
  option_attributes:
        val: [0, 1, 2]


#  Make one 'inputs' list entry per input and one 'outputs' list entry per output.
#  Keys include:
#      * label (an identifier for the GUI)
#      * domain (optional - stream or message. Default is stream)
#      * dtype (e.g. int, float, complex, byte, short, xxx_vector, ...)
#      * vlen (optional - data stream vector length. Default is 1)
#      * optional (optional - set to 1 for optional inputs. Default is 0)
inputs:
- label: pdu_in
  domain: message

outputs:
- label: pdu_out
  domain: message

#  'file_format' specifies the version of the GRC yml format used in the file
#  and should usually not be changed.
file_format: 1
